// !$*UTF8*$!
{
	archiveVersion = 1;
	classes = {
	};
	objectVersion = 46;
	objects = {

/* Begin PBXBuildFile section */
		280A80AA1BD5D741003F4120 /* main.m in Sources */ = {isa = PBXBuildFile; fileRef = 280A80A91BD5D741003F4120 /* main.m */; };
		280A80AD1BD5D741003F4120 /* AVGAppDelegate.m in Sources */ = {isa = PBXBuildFile; fileRef = 280A80AC1BD5D741003F4120 /* AVGAppDelegate.m */; };
		280A80B61BD5D741003F4120 /* Main.storyboard in Resources */ = {isa = PBXBuildFile; fileRef = 280A80B41BD5D741003F4120 /* Main.storyboard */; };
		280A80B81BD5D741003F4120 /* Assets.xcassets in Resources */ = {isa = PBXBuildFile; fileRef = 280A80B71BD5D741003F4120 /* Assets.xcassets */; };
		280A80C61BD5D741003F4120 /* MoviesTests.m in Sources */ = {isa = PBXBuildFile; fileRef = 280A80C51BD5D741003F4120 /* MoviesTests.m */; };
		280A80D21BD5D81D003F4120 /* AVGMovieSearchViewController.m in Sources */ = {isa = PBXBuildFile; fileRef = 280A80D11BD5D81D003F4120 /* AVGMovieSearchViewController.m */; settings = {ASSET_TAGS = (); }; };
		280A80D51BD5D8E6003F4120 /* AVGFavoriteMoviesViewController.m in Sources */ = {isa = PBXBuildFile; fileRef = 280A80D41BD5D8E6003F4120 /* AVGFavoriteMoviesViewController.m */; settings = {ASSET_TAGS = (); }; };
		280A80D91BD5D9A8003F4120 /* AVGMovieCollectionViewCell.m in Sources */ = {isa = PBXBuildFile; fileRef = 280A80D71BD5D9A8003F4120 /* AVGMovieCollectionViewCell.m */; settings = {ASSET_TAGS = (); }; };
		280A80DD1BD5DDDF003F4120 /* AVGItunesAPI.m in Sources */ = {isa = PBXBuildFile; fileRef = 280A80DC1BD5DDDF003F4120 /* AVGItunesAPI.m */; settings = {ASSET_TAGS = (); }; };
		280A80E01BD5DF9B003F4120 /* AVGMovie.m in Sources */ = {isa = PBXBuildFile; fileRef = 280A80DF1BD5DF9B003F4120 /* AVGMovie.m */; settings = {ASSET_TAGS = (); }; };
		280A80E31BD5DFC4003F4120 /* AVGItunesAPIResponseParser.m in Sources */ = {isa = PBXBuildFile; fileRef = 280A80E21BD5DFC4003F4120 /* AVGItunesAPIResponseParser.m */; settings = {ASSET_TAGS = (); }; };
		280A80E61BD5E256003F4120 /* NSObject+AVGTypeChecking.m in Sources */ = {isa = PBXBuildFile; fileRef = 280A80E51BD5E256003F4120 /* NSObject+AVGTypeChecking.m */; settings = {ASSET_TAGS = (); }; };
		280A80E91BD5ED54003F4120 /* AVGMovieInfoView.m in Sources */ = {isa = PBXBuildFile; fileRef = 280A80E81BD5ED54003F4120 /* AVGMovieInfoView.m */; settings = {ASSET_TAGS = (); }; };
		280A80EB1BD5ED6D003F4120 /* AVGMovieInfoView.xib in Resources */ = {isa = PBXBuildFile; fileRef = 280A80EA1BD5ED6C003F4120 /* AVGMovieInfoView.xib */; settings = {ASSET_TAGS = (); }; };
		280A80EE1BD5F2C0003F4120 /* UIImageView+AVGImageLoading.m in Sources */ = {isa = PBXBuildFile; fileRef = 280A80ED1BD5F2C0003F4120 /* UIImageView+AVGImageLoading.m */; settings = {ASSET_TAGS = (); }; };
		280A80F61BD61D5C003F4120 /* AVGEmptyStateView.m in Sources */ = {isa = PBXBuildFile; fileRef = 280A80F51BD61D5C003F4120 /* AVGEmptyStateView.m */; settings = {ASSET_TAGS = (); }; };
		280A80F81BD61D70003F4120 /* AVGEmptyStateView.xib in Resources */ = {isa = PBXBuildFile; fileRef = 280A80F71BD61D70003F4120 /* AVGEmptyStateView.xib */; settings = {ASSET_TAGS = (); }; };
		280A80FC1BD69220003F4120 /* AVGMovieDetailViewController.m in Sources */ = {isa = PBXBuildFile; fileRef = 280A80FA1BD69220003F4120 /* AVGMovieDetailViewController.m */; settings = {ASSET_TAGS = (); }; };
		280A80FD1BD69220003F4120 /* AVGMovieDetailViewController.xib in Resources */ = {isa = PBXBuildFile; fileRef = 280A80FB1BD69220003F4120 /* AVGMovieDetailViewController.xib */; settings = {ASSET_TAGS = (); }; };
		280A81001BD698B3003F4120 /* AVGMovieInfoTableViewCell.m in Sources */ = {isa = PBXBuildFile; fileRef = 280A80FF1BD698B3003F4120 /* AVGMovieInfoTableViewCell.m */; settings = {ASSET_TAGS = (); }; };
		280A81041BD69EE0003F4120 /* AVGMoviePlayerTableViewCell.m in Sources */ = {isa = PBXBuildFile; fileRef = 280A81021BD69EE0003F4120 /* AVGMoviePlayerTableViewCell.m */; settings = {ASSET_TAGS = (); }; };
		280A81051BD69EE0003F4120 /* AVGMoviePlayerTableViewCell.xib in Resources */ = {isa = PBXBuildFile; fileRef = 280A81031BD69EE0003F4120 /* AVGMoviePlayerTableViewCell.xib */; settings = {ASSET_TAGS = (); }; };
		280A810D1BD6C93E003F4120 /* movies.xcdatamodeld in Sources */ = {isa = PBXBuildFile; fileRef = 280A810B1BD6C93E003F4120 /* movies.xcdatamodeld */; settings = {ASSET_TAGS = (); }; };
		280A81101BD6CD9F003F4120 /* AVGMoviesDataController.m in Sources */ = {isa = PBXBuildFile; fileRef = 280A810F1BD6CD9F003F4120 /* AVGMoviesDataController.m */; settings = {ASSET_TAGS = (); }; };
		28FA74B71BD6F55D000F2703 /* Localizable.strings in Resources */ = {isa = PBXBuildFile; fileRef = 28FA74B51BD6F55D000F2703 /* Localizable.strings */; settings = {ASSET_TAGS = (); }; };
/* End PBXBuildFile section */

/* Begin PBXContainerItemProxy section */
		280A80C21BD5D741003F4120 /* PBXContainerItemProxy */ = {
			isa = PBXContainerItemProxy;
			containerPortal = 280A809D1BD5D741003F4120 /* Project object */;
			proxyType = 1;
			remoteGlobalIDString = 280A80A41BD5D741003F4120;
			remoteInfo = Movies;
		};
/* End PBXContainerItemProxy section */

/* Begin PBXFileReference section */
		280A80A51BD5D741003F4120 /* Movies.app */ = {isa = PBXFileReference; explicitFileType = wrapper.application; includeInIndex = 0; path = Movies.app; sourceTree = BUILT_PRODUCTS_DIR; };
		280A80A91BD5D741003F4120 /* main.m */ = {isa = PBXFileReference; lastKnownFileType = sourcecode.c.objc; path = main.m; sourceTree = "<group>"; };
		280A80AB1BD5D741003F4120 /* AVGAppDelegate.h */ = {isa = PBXFileReference; lastKnownFileType = sourcecode.c.h; path = AVGAppDelegate.h; sourceTree = "<group>"; };
		280A80AC1BD5D741003F4120 /* AVGAppDelegate.m */ = {isa = PBXFileReference; lastKnownFileType = sourcecode.c.objc; path = AVGAppDelegate.m; sourceTree = "<group>"; };
		280A80B51BD5D741003F4120 /* Base */ = {isa = PBXFileReference; lastKnownFileType = file.storyboard; name = Base; path = Base.lproj/Main.storyboard; sourceTree = "<group>"; };
		280A80B71BD5D741003F4120 /* Assets.xcassets */ = {isa = PBXFileReference; lastKnownFileType = folder.assetcatalog; path = Assets.xcassets; sourceTree = "<group>"; };
		280A80BC1BD5D741003F4120 /* Info.plist */ = {isa = PBXFileReference; lastKnownFileType = text.plist.xml; path = Info.plist; sourceTree = "<group>"; };
		280A80C11BD5D741003F4120 /* MoviesTests.xctest */ = {isa = PBXFileReference; explicitFileType = wrapper.cfbundle; includeInIndex = 0; path = MoviesTests.xctest; sourceTree = BUILT_PRODUCTS_DIR; };
		280A80C51BD5D741003F4120 /* MoviesTests.m */ = {isa = PBXFileReference; lastKnownFileType = sourcecode.c.objc; path = MoviesTests.m; sourceTree = "<group>"; };
		280A80C71BD5D741003F4120 /* Info.plist */ = {isa = PBXFileReference; lastKnownFileType = text.plist.xml; path = Info.plist; sourceTree = "<group>"; };
		280A80D01BD5D81D003F4120 /* AVGMovieSearchViewController.h */ = {isa = PBXFileReference; fileEncoding = 4; lastKnownFileType = sourcecode.c.h; path = AVGMovieSearchViewController.h; sourceTree = "<group>"; };
		280A80D11BD5D81D003F4120 /* AVGMovieSearchViewController.m */ = {isa = PBXFileReference; fileEncoding = 4; lastKnownFileType = sourcecode.c.objc; path = AVGMovieSearchViewController.m; sourceTree = "<group>"; };
		280A80D31BD5D8E6003F4120 /* AVGFavoriteMoviesViewController.h */ = {isa = PBXFileReference; fileEncoding = 4; lastKnownFileType = sourcecode.c.h; path = AVGFavoriteMoviesViewController.h; sourceTree = "<group>"; };
		280A80D41BD5D8E6003F4120 /* AVGFavoriteMoviesViewController.m */ = {isa = PBXFileReference; fileEncoding = 4; lastKnownFileType = sourcecode.c.objc; path = AVGFavoriteMoviesViewController.m; sourceTree = "<group>"; };
		280A80D61BD5D9A8003F4120 /* AVGMovieCollectionViewCell.h */ = {isa = PBXFileReference; fileEncoding = 4; lastKnownFileType = sourcecode.c.h; path = AVGMovieCollectionViewCell.h; sourceTree = "<group>"; };
		280A80D71BD5D9A8003F4120 /* AVGMovieCollectionViewCell.m */ = {isa = PBXFileReference; fileEncoding = 4; lastKnownFileType = sourcecode.c.objc; path = AVGMovieCollectionViewCell.m; sourceTree = "<group>"; };
		280A80DB1BD5DDDF003F4120 /* AVGItunesAPI.h */ = {isa = PBXFileReference; fileEncoding = 4; lastKnownFileType = sourcecode.c.h; path = AVGItunesAPI.h; sourceTree = "<group>"; };
		280A80DC1BD5DDDF003F4120 /* AVGItunesAPI.m */ = {isa = PBXFileReference; fileEncoding = 4; lastKnownFileType = sourcecode.c.objc; path = AVGItunesAPI.m; sourceTree = "<group>"; };
		280A80DE1BD5DF9B003F4120 /* AVGMovie.h */ = {isa = PBXFileReference; fileEncoding = 4; lastKnownFileType = sourcecode.c.h; path = AVGMovie.h; sourceTree = "<group>"; };
		280A80DF1BD5DF9B003F4120 /* AVGMovie.m */ = {isa = PBXFileReference; fileEncoding = 4; lastKnownFileType = sourcecode.c.objc; path = AVGMovie.m; sourceTree = "<group>"; };
		280A80E11BD5DFC4003F4120 /* AVGItunesAPIResponseParser.h */ = {isa = PBXFileReference; fileEncoding = 4; lastKnownFileType = sourcecode.c.h; path = AVGItunesAPIResponseParser.h; sourceTree = "<group>"; };
		280A80E21BD5DFC4003F4120 /* AVGItunesAPIResponseParser.m */ = {isa = PBXFileReference; fileEncoding = 4; lastKnownFileType = sourcecode.c.objc; path = AVGItunesAPIResponseParser.m; sourceTree = "<group>"; };
		280A80E41BD5E256003F4120 /* NSObject+AVGTypeChecking.h */ = {isa = PBXFileReference; fileEncoding = 4; lastKnownFileType = sourcecode.c.h; path = "NSObject+AVGTypeChecking.h"; sourceTree = "<group>"; };
		280A80E51BD5E256003F4120 /* NSObject+AVGTypeChecking.m */ = {isa = PBXFileReference; fileEncoding = 4; lastKnownFileType = sourcecode.c.objc; path = "NSObject+AVGTypeChecking.m"; sourceTree = "<group>"; };
		280A80E71BD5ED54003F4120 /* AVGMovieInfoView.h */ = {isa = PBXFileReference; fileEncoding = 4; lastKnownFileType = sourcecode.c.h; path = AVGMovieInfoView.h; sourceTree = "<group>"; };
		280A80E81BD5ED54003F4120 /* AVGMovieInfoView.m */ = {isa = PBXFileReference; fileEncoding = 4; lastKnownFileType = sourcecode.c.objc; path = AVGMovieInfoView.m; sourceTree = "<group>"; };
		280A80EA1BD5ED6C003F4120 /* AVGMovieInfoView.xib */ = {isa = PBXFileReference; fileEncoding = 4; lastKnownFileType = file.xib; path = AVGMovieInfoView.xib; sourceTree = "<group>"; };
		280A80EC1BD5F2C0003F4120 /* UIImageView+AVGImageLoading.h */ = {isa = PBXFileReference; fileEncoding = 4; lastKnownFileType = sourcecode.c.h; path = "UIImageView+AVGImageLoading.h"; sourceTree = "<group>"; };
		280A80ED1BD5F2C0003F4120 /* UIImageView+AVGImageLoading.m */ = {isa = PBXFileReference; fileEncoding = 4; lastKnownFileType = sourcecode.c.objc; path = "UIImageView+AVGImageLoading.m"; sourceTree = "<group>"; };
		280A80F41BD61D5C003F4120 /* AVGEmptyStateView.h */ = {isa = PBXFileReference; fileEncoding = 4; lastKnownFileType = sourcecode.c.h; path = AVGEmptyStateView.h; sourceTree = "<group>"; };
		280A80F51BD61D5C003F4120 /* AVGEmptyStateView.m */ = {isa = PBXFileReference; fileEncoding = 4; lastKnownFileType = sourcecode.c.objc; path = AVGEmptyStateView.m; sourceTree = "<group>"; };
		280A80F71BD61D70003F4120 /* AVGEmptyStateView.xib */ = {isa = PBXFileReference; fileEncoding = 4; lastKnownFileType = file.xib; path = AVGEmptyStateView.xib; sourceTree = "<group>"; };
		280A80F91BD69220003F4120 /* AVGMovieDetailViewController.h */ = {isa = PBXFileReference; fileEncoding = 4; lastKnownFileType = sourcecode.c.h; path = AVGMovieDetailViewController.h; sourceTree = "<group>"; };
		280A80FA1BD69220003F4120 /* AVGMovieDetailViewController.m */ = {isa = PBXFileReference; fileEncoding = 4; lastKnownFileType = sourcecode.c.objc; path = AVGMovieDetailViewController.m; sourceTree = "<group>"; };
		280A80FB1BD69220003F4120 /* AVGMovieDetailViewController.xib */ = {isa = PBXFileReference; fileEncoding = 4; lastKnownFileType = file.xib; path = AVGMovieDetailViewController.xib; sourceTree = "<group>"; };
		280A80FE1BD698B3003F4120 /* AVGMovieInfoTableViewCell.h */ = {isa = PBXFileReference; fileEncoding = 4; lastKnownFileType = sourcecode.c.h; path = AVGMovieInfoTableViewCell.h; sourceTree = "<group>"; };
		280A80FF1BD698B3003F4120 /* AVGMovieInfoTableViewCell.m */ = {isa = PBXFileReference; fileEncoding = 4; lastKnownFileType = sourcecode.c.objc; path = AVGMovieInfoTableViewCell.m; sourceTree = "<group>"; };
		280A81011BD69EE0003F4120 /* AVGMoviePlayerTableViewCell.h */ = {isa = PBXFileReference; fileEncoding = 4; lastKnownFileType = sourcecode.c.h; path = AVGMoviePlayerTableViewCell.h; sourceTree = "<group>"; };
		280A81021BD69EE0003F4120 /* AVGMoviePlayerTableViewCell.m */ = {isa = PBXFileReference; fileEncoding = 4; lastKnownFileType = sourcecode.c.objc; path = AVGMoviePlayerTableViewCell.m; sourceTree = "<group>"; };
		280A81031BD69EE0003F4120 /* AVGMoviePlayerTableViewCell.xib */ = {isa = PBXFileReference; fileEncoding = 4; lastKnownFileType = file.xib; path = AVGMoviePlayerTableViewCell.xib; sourceTree = "<group>"; };
		280A810C1BD6C93E003F4120 /* movies.xcdatamodel */ = {isa = PBXFileReference; lastKnownFileType = wrapper.xcdatamodel; path = movies.xcdatamodel; sourceTree = "<group>"; };
		280A810E1BD6CD9F003F4120 /* AVGMoviesDataController.h */ = {isa = PBXFileReference; fileEncoding = 4; lastKnownFileType = sourcecode.c.h; path = AVGMoviesDataController.h; sourceTree = "<group>"; };
		280A810F1BD6CD9F003F4120 /* AVGMoviesDataController.m */ = {isa = PBXFileReference; fileEncoding = 4; lastKnownFileType = sourcecode.c.objc; path = AVGMoviesDataController.m; sourceTree = "<group>"; };
		28FA74B21BD6F078000F2703 /* fr */ = {isa = PBXFileReference; lastKnownFileType = text.plist.strings; name = fr; path = fr.lproj/Main.strings; sourceTree = "<group>"; };
		28FA74B61BD6F55D000F2703 /* en */ = {isa = PBXFileReference; lastKnownFileType = text.plist.strings; name = en; path = en.lproj/Localizable.strings; sourceTree = "<group>"; };
		28FA74B81BD6F564000F2703 /* fr */ = {isa = PBXFileReference; lastKnownFileType = text.plist.strings; name = fr; path = fr.lproj/Localizable.strings; sourceTree = "<group>"; };
/* End PBXFileReference section */

/* Begin PBXFrameworksBuildPhase section */
		280A80A21BD5D741003F4120 /* Frameworks */ = {
			isa = PBXFrameworksBuildPhase;
			buildActionMask = 2147483647;
			files = (
			);
			runOnlyForDeploymentPostprocessing = 0;
		};
		280A80BE1BD5D741003F4120 /* Frameworks */ = {
			isa = PBXFrameworksBuildPhase;
			buildActionMask = 2147483647;
			files = (
			);
			runOnlyForDeploymentPostprocessing = 0;
		};
/* End PBXFrameworksBuildPhase section */

/* Begin PBXGroup section */
		280A809C1BD5D741003F4120 = {
			isa = PBXGroup;
			children = (
				280A80A71BD5D741003F4120 /* Movies */,
				280A80C41BD5D741003F4120 /* MoviesTests */,
				280A80A61BD5D741003F4120 /* Products */,
			);
			sourceTree = "<group>";
		};
		280A80A61BD5D741003F4120 /* Products */ = {
			isa = PBXGroup;
			children = (
				280A80A51BD5D741003F4120 /* Movies.app */,
				280A80C11BD5D741003F4120 /* MoviesTests.xctest */,
			);
			name = Products;
			sourceTree = "<group>";
		};
		280A80A71BD5D741003F4120 /* Movies */ = {
			isa = PBXGroup;
			children = (
				280A80AB1BD5D741003F4120 /* AVGAppDelegate.h */,
				280A80AC1BD5D741003F4120 /* AVGAppDelegate.m */,
				280A80F21BD6133E003F4120 /* View Controller */,
				280A80F11BD6132B003F4120 /* View */,
				280A80F31BD61373003F4120 /* API */,
				280A80F01BD61319003F4120 /* Model */,
				280A80EF1BD61306003F4120 /* Categories */,
				28FA74B01BD6EF58000F2703 /* Localizations */,
				280A80B71BD5D741003F4120 /* Assets.xcassets */,
				280A80BC1BD5D741003F4120 /* Info.plist */,
				280A80A81BD5D741003F4120 /* Supporting Files */,
			);
			path = Movies;
			sourceTree = "<group>";
		};
		280A80A81BD5D741003F4120 /* Supporting Files */ = {
			isa = PBXGroup;
			children = (
				280A80A91BD5D741003F4120 /* main.m */,
			);
			name = "Supporting Files";
			sourceTree = "<group>";
		};
		280A80C41BD5D741003F4120 /* MoviesTests */ = {
			isa = PBXGroup;
			children = (
				280A80C51BD5D741003F4120 /* MoviesTests.m */,
				280A80C71BD5D741003F4120 /* Info.plist */,
			);
			path = MoviesTests;
			sourceTree = "<group>";
		};
		280A80EF1BD61306003F4120 /* Categories */ = {
			isa = PBXGroup;
			children = (
				280A80E41BD5E256003F4120 /* NSObject+AVGTypeChecking.h */,
				280A80E51BD5E256003F4120 /* NSObject+AVGTypeChecking.m */,
				280A80EC1BD5F2C0003F4120 /* UIImageView+AVGImageLoading.h */,
				280A80ED1BD5F2C0003F4120 /* UIImageView+AVGImageLoading.m */,
			);
			name = Categories;
			sourceTree = "<group>";
		};
		280A80F01BD61319003F4120 /* Model */ = {
			isa = PBXGroup;
			children = (
				280A80DE1BD5DF9B003F4120 /* AVGMovie.h */,
				280A80DF1BD5DF9B003F4120 /* AVGMovie.m */,
				280A810B1BD6C93E003F4120 /* movies.xcdatamodeld */,
				280A810E1BD6CD9F003F4120 /* AVGMoviesDataController.h */,
				280A810F1BD6CD9F003F4120 /* AVGMoviesDataController.m */,
			);
			name = Model;
			sourceTree = "<group>";
		};
		280A80F11BD6132B003F4120 /* View */ = {
			isa = PBXGroup;
			children = (
				280A80B41BD5D741003F4120 /* Main.storyboard */,
				280A80FB1BD69220003F4120 /* AVGMovieDetailViewController.xib */,
				280A80D61BD5D9A8003F4120 /* AVGMovieCollectionViewCell.h */,
				280A80D71BD5D9A8003F4120 /* AVGMovieCollectionViewCell.m */,
				280A80FE1BD698B3003F4120 /* AVGMovieInfoTableViewCell.h */,
				280A80FF1BD698B3003F4120 /* AVGMovieInfoTableViewCell.m */,
				280A81011BD69EE0003F4120 /* AVGMoviePlayerTableViewCell.h */,
				280A81021BD69EE0003F4120 /* AVGMoviePlayerTableViewCell.m */,
				280A81031BD69EE0003F4120 /* AVGMoviePlayerTableViewCell.xib */,
				280A80E71BD5ED54003F4120 /* AVGMovieInfoView.h */,
				280A80E81BD5ED54003F4120 /* AVGMovieInfoView.m */,
				280A80EA1BD5ED6C003F4120 /* AVGMovieInfoView.xib */,
				280A80F41BD61D5C003F4120 /* AVGEmptyStateView.h */,
				280A80F51BD61D5C003F4120 /* AVGEmptyStateView.m */,
				280A80F71BD61D70003F4120 /* AVGEmptyStateView.xib */,
			);
			name = View;
			sourceTree = "<group>";
		};
		280A80F21BD6133E003F4120 /* View Controller */ = {
			isa = PBXGroup;
			children = (
				280A80D01BD5D81D003F4120 /* AVGMovieSearchViewController.h */,
				280A80D11BD5D81D003F4120 /* AVGMovieSearchViewController.m */,
				280A80F91BD69220003F4120 /* AVGMovieDetailViewController.h */,
				280A80FA1BD69220003F4120 /* AVGMovieDetailViewController.m */,
				280A80D31BD5D8E6003F4120 /* AVGFavoriteMoviesViewController.h */,
				280A80D41BD5D8E6003F4120 /* AVGFavoriteMoviesViewController.m */,
			);
			name = "View Controller";
			sourceTree = "<group>";
		};
		280A80F31BD61373003F4120 /* API */ = {
			isa = PBXGroup;
			children = (
				280A80DB1BD5DDDF003F4120 /* AVGItunesAPI.h */,
				280A80DC1BD5DDDF003F4120 /* AVGItunesAPI.m */,
				280A80E11BD5DFC4003F4120 /* AVGItunesAPIResponseParser.h */,
				280A80E21BD5DFC4003F4120 /* AVGItunesAPIResponseParser.m */,
			);
			name = API;
			sourceTree = "<group>";
		};
		28FA74B01BD6EF58000F2703 /* Localizations */ = {
			isa = PBXGroup;
			children = (
				28FA74B51BD6F55D000F2703 /* Localizable.strings */,
			);
			name = Localizations;
			sourceTree = "<group>";
		};
/* End PBXGroup section */

/* Begin PBXNativeTarget section */
		280A80A41BD5D741003F4120 /* Movies */ = {
			isa = PBXNativeTarget;
			buildConfigurationList = 280A80CA1BD5D741003F4120 /* Build configuration list for PBXNativeTarget "Movies" */;
			buildPhases = (
				280A80A11BD5D741003F4120 /* Sources */,
				280A80A21BD5D741003F4120 /* Frameworks */,
				280A80A31BD5D741003F4120 /* Resources */,
			);
			buildRules = (
			);
			dependencies = (
			);
			name = Movies;
			productName = Movies;
			productReference = 280A80A51BD5D741003F4120 /* Movies.app */;
			productType = "com.apple.product-type.application";
		};
		280A80C01BD5D741003F4120 /* MoviesTests */ = {
			isa = PBXNativeTarget;
			buildConfigurationList = 280A80CD1BD5D741003F4120 /* Build configuration list for PBXNativeTarget "MoviesTests" */;
			buildPhases = (
				280A80BD1BD5D741003F4120 /* Sources */,
				280A80BE1BD5D741003F4120 /* Frameworks */,
				280A80BF1BD5D741003F4120 /* Resources */,
			);
			buildRules = (
			);
			dependencies = (
				280A80C31BD5D741003F4120 /* PBXTargetDependency */,
			);
			name = MoviesTests;
			productName = MoviesTests;
			productReference = 280A80C11BD5D741003F4120 /* MoviesTests.xctest */;
			productType = "com.apple.product-type.bundle.unit-test";
		};
/* End PBXNativeTarget section */

/* Begin PBXProject section */
		280A809D1BD5D741003F4120 /* Project object */ = {
			isa = PBXProject;
			attributes = {
				LastUpgradeCheck = 0700;
				ORGANIZATIONNAME = "Artem Goryaev";
				TargetAttributes = {
					280A80A41BD5D741003F4120 = {
						CreatedOnToolsVersion = 7.0.1;
					};
					280A80C01BD5D741003F4120 = {
						CreatedOnToolsVersion = 7.0.1;
						TestTargetID = 280A80A41BD5D741003F4120;
					};
				};
			};
			buildConfigurationList = 280A80A01BD5D741003F4120 /* Build configuration list for PBXProject "Movies" */;
			compatibilityVersion = "Xcode 3.2";
			developmentRegion = English;
			hasScannedForEncodings = 0;
			knownRegions = (
				en,
				Base,
				fr,
			);
			mainGroup = 280A809C1BD5D741003F4120;
			productRefGroup = 280A80A61BD5D741003F4120 /* Products */;
			projectDirPath = "";
			projectRoot = "";
			targets = (
				280A80A41BD5D741003F4120 /* Movies */,
				280A80C01BD5D741003F4120 /* MoviesTests */,
			);
		};
/* End PBXProject section */

/* Begin PBXResourcesBuildPhase section */
		280A80A31BD5D741003F4120 /* Resources */ = {
			isa = PBXResourcesBuildPhase;
			buildActionMask = 2147483647;
			files = (
				280A81051BD69EE0003F4120 /* AVGMoviePlayerTableViewCell.xib in Resources */,
				280A80F81BD61D70003F4120 /* AVGEmptyStateView.xib in Resources */,
				280A80EB1BD5ED6D003F4120 /* AVGMovieInfoView.xib in Resources */,
				280A80FD1BD69220003F4120 /* AVGMovieDetailViewController.xib in Resources */,
				28FA74B71BD6F55D000F2703 /* Localizable.strings in Resources */,
				280A80B81BD5D741003F4120 /* Assets.xcassets in Resources */,
				280A80B61BD5D741003F4120 /* Main.storyboard in Resources */,
			);
			runOnlyForDeploymentPostprocessing = 0;
		};
		280A80BF1BD5D741003F4120 /* Resources */ = {
			isa = PBXResourcesBuildPhase;
			buildActionMask = 2147483647;
			files = (
			);
			runOnlyForDeploymentPostprocessing = 0;
		};
/* End PBXResourcesBuildPhase section */

/* Begin PBXSourcesBuildPhase section */
		280A80A11BD5D741003F4120 /* Sources */ = {
			isa = PBXSourcesBuildPhase;
			buildActionMask = 2147483647;
			files = (
				280A80FC1BD69220003F4120 /* AVGMovieDetailViewController.m in Sources */,
				280A81001BD698B3003F4120 /* AVGMovieInfoTableViewCell.m in Sources */,
				280A80D91BD5D9A8003F4120 /* AVGMovieCollectionViewCell.m in Sources */,
				280A80D51BD5D8E6003F4120 /* AVGFavoriteMoviesViewController.m in Sources */,
				280A81041BD69EE0003F4120 /* AVGMoviePlayerTableViewCell.m in Sources */,
				280A81101BD6CD9F003F4120 /* AVGMoviesDataController.m in Sources */,
				280A80AD1BD5D741003F4120 /* AVGAppDelegate.m in Sources */,
				280A80E31BD5DFC4003F4120 /* AVGItunesAPIResponseParser.m in Sources */,
				280A80E61BD5E256003F4120 /* NSObject+AVGTypeChecking.m in Sources */,
				280A80DD1BD5DDDF003F4120 /* AVGItunesAPI.m in Sources */,
				280A80D21BD5D81D003F4120 /* AVGMovieSearchViewController.m in Sources */,
				280A80E01BD5DF9B003F4120 /* AVGMovie.m in Sources */,
				280A80E91BD5ED54003F4120 /* AVGMovieInfoView.m in Sources */,
				280A80AA1BD5D741003F4120 /* main.m in Sources */,
				280A80EE1BD5F2C0003F4120 /* UIImageView+AVGImageLoading.m in Sources */,
				280A810D1BD6C93E003F4120 /* movies.xcdatamodeld in Sources */,
				280A80F61BD61D5C003F4120 /* AVGEmptyStateView.m in Sources */,
			);
			runOnlyForDeploymentPostprocessing = 0;
		};
		280A80BD1BD5D741003F4120 /* Sources */ = {
			isa = PBXSourcesBuildPhase;
			buildActionMask = 2147483647;
			files = (
				280A80C61BD5D741003F4120 /* MoviesTests.m in Sources */,
			);
			runOnlyForDeploymentPostprocessing = 0;
		};
/* End PBXSourcesBuildPhase section */

/* Begin PBXTargetDependency section */
		280A80C31BD5D741003F4120 /* PBXTargetDependency */ = {
			isa = PBXTargetDependency;
			target = 280A80A41BD5D741003F4120 /* Movies */;
			targetProxy = 280A80C21BD5D741003F4120 /* PBXContainerItemProxy */;
		};
/* End PBXTargetDependency section */

/* Begin PBXVariantGroup section */
		280A80B41BD5D741003F4120 /* Main.storyboard */ = {
			isa = PBXVariantGroup;
			children = (
				280A80B51BD5D741003F4120 /* Base */,
				28FA74B21BD6F078000F2703 /* fr */,
			);
			name = Main.storyboard;
			sourceTree = "<group>";
		};
		28FA74B51BD6F55D000F2703 /* Localizable.strings */ = {
			isa = PBXVariantGroup;
			children = (
				28FA74B61BD6F55D000F2703 /* en */,
				28FA74B81BD6F564000F2703 /* fr */,
			);
			name = Localizable.strings;
			sourceTree = "<group>";
		};
/* End PBXVariantGroup section */

/* Begin XCBuildConfiguration section */
		280A80C81BD5D741003F4120 /* Debug */ = {
			isa = XCBuildConfiguration;
			buildSettings = {
				ALWAYS_SEARCH_USER_PATHS = NO;
				CLANG_CXX_LANGUAGE_STANDARD = "gnu++0x";
				CLANG_CXX_LIBRARY = "libc++";
				CLANG_ENABLE_MODULES = YES;
				CLANG_ENABLE_OBJC_ARC = YES;
				CLANG_WARN_BOOL_CONVERSION = YES;
				CLANG_WARN_CONSTANT_CONVERSION = YES;
				CLANG_WARN_DIRECT_OBJC_ISA_USAGE = YES_ERROR;
				CLANG_WARN_EMPTY_BODY = YES;
				CLANG_WARN_ENUM_CONVERSION = YES;
				CLANG_WARN_INT_CONVERSION = YES;
				CLANG_WARN_OBJC_ROOT_CLASS = YES_ERROR;
				CLANG_WARN_UNREACHABLE_CODE = YES;
				CLANG_WARN__DUPLICATE_METHOD_MATCH = YES;
				"CODE_SIGN_IDENTITY[sdk=iphoneos*]" = "iPhone Developer";
				COPY_PHASE_STRIP = NO;
				DEBUG_INFORMATION_FORMAT = dwarf;
				ENABLE_STRICT_OBJC_MSGSEND = YES;
				ENABLE_TESTABILITY = YES;
				GCC_C_LANGUAGE_STANDARD = gnu99;
				GCC_DYNAMIC_NO_PIC = NO;
				GCC_NO_COMMON_BLOCKS = YES;
				GCC_OPTIMIZATION_LEVEL = 0;
				GCC_PREPROCESSOR_DEFINITIONS = (
					"DEBUG=1",
					"$(inherited)",
				);
				GCC_WARN_64_TO_32_BIT_CONVERSION = YES;
				GCC_WARN_ABOUT_RETURN_TYPE = YES_ERROR;
				GCC_WARN_UNDECLARED_SELECTOR = YES;
				GCC_WARN_UNINITIALIZED_AUTOS = YES_AGGRESSIVE;
				GCC_WARN_UNUSED_FUNCTION = YES;
				GCC_WARN_UNUSED_VARIABLE = YES;
				IPHONEOS_DEPLOYMENT_TARGET = 8.0;
				MTL_ENABLE_DEBUG_INFO = YES;
				ONLY_ACTIVE_ARCH = YES;
				SDKROOT = iphoneos;
			};
			name = Debug;
		};
		280A80C91BD5D741003F4120 /* Release */ = {
			isa = XCBuildConfiguration;
			buildSettings = {
				ALWAYS_SEARCH_USER_PATHS = NO;
				CLANG_CXX_LANGUAGE_STANDARD = "gnu++0x";
				CLANG_CXX_LIBRARY = "libc++";
				CLANG_ENABLE_MODULES = YES;
				CLANG_ENABLE_OBJC_ARC = YES;
				CLANG_WARN_BOOL_CONVERSION = YES;
				CLANG_WARN_CONSTANT_CONVERSION = YES;
				CLANG_WARN_DIRECT_OBJC_ISA_USAGE = YES_ERROR;
				CLANG_WARN_EMPTY_BODY = YES;
				CLANG_WARN_ENUM_CONVERSION = YES;
				CLANG_WARN_INT_CONVERSION = YES;
				CLANG_WARN_OBJC_ROOT_CLASS = YES_ERROR;
				CLANG_WARN_UNREACHABLE_CODE = YES;
				CLANG_WARN__DUPLICATE_METHOD_MATCH = YES;
				"CODE_SIGN_IDENTITY[sdk=iphoneos*]" = "iPhone Developer";
				COPY_PHASE_STRIP = NO;
				DEBUG_INFORMATION_FORMAT = "dwarf-with-dsym";
				ENABLE_NS_ASSERTIONS = NO;
				ENABLE_STRICT_OBJC_MSGSEND = YES;
				GCC_C_LANGUAGE_STANDARD = gnu99;
				GCC_NO_COMMON_BLOCKS = YES;
				GCC_WARN_64_TO_32_BIT_CONVERSION = YES;
				GCC_WARN_ABOUT_RETURN_TYPE = YES_ERROR;
				GCC_WARN_UNDECLARED_SELECTOR = YES;
				GCC_WARN_UNINITIALIZED_AUTOS = YES_AGGRESSIVE;
				GCC_WARN_UNUSED_FUNCTION = YES;
				GCC_WARN_UNUSED_VARIABLE = YES;
				IPHONEOS_DEPLOYMENT_TARGET = 8.0;
				MTL_ENABLE_DEBUG_INFO = NO;
				SDKROOT = iphoneos;
				VALIDATE_PRODUCT = YES;
			};
			name = Release;
		};
		280A80CB1BD5D741003F4120 /* Debug */ = {
			isa = XCBuildConfiguration;
			buildSettings = {
				ASSETCATALOG_COMPILER_APPICON_NAME = AppIcon;
				INFOPLIST_FILE = Movies/Info.plist;
				LD_RUNPATH_SEARCH_PATHS = "$(inherited) @executable_path/Frameworks";
				PRODUCT_BUNDLE_IDENTIFIER = artem.goryaev.Movies;
				PRODUCT_NAME = "$(TARGET_NAME)";
				TARGETED_DEVICE_FAMILY = "1,2";
			};
			name = Debug;
		};
		280A80CC1BD5D741003F4120 /* Release */ = {
			isa = XCBuildConfiguration;
			buildSettings = {
				ASSETCATALOG_COMPILER_APPICON_NAME = AppIcon;
				INFOPLIST_FILE = Movies/Info.plist;
				LD_RUNPATH_SEARCH_PATHS = "$(inherited) @executable_path/Frameworks";
				PRODUCT_BUNDLE_IDENTIFIER = artem.goryaev.Movies;
				PRODUCT_NAME = "$(TARGET_NAME)";
				TARGETED_DEVICE_FAMILY = "1,2";
			};
			name = Release;
		};
		280A80CE1BD5D741003F4120 /* Debug */ = {
			isa = XCBuildConfiguration;
			buildSettings = {
				BUNDLE_LOADER = "$(TEST_HOST)";
				INFOPLIST_FILE = MoviesTests/Info.plist;
				LD_RUNPATH_SEARCH_PATHS = "$(inherited) @executable_path/Frameworks @loader_path/Frameworks";
				PRODUCT_BUNDLE_IDENTIFIER = artem.goryaev.MoviesTests;
				PRODUCT_NAME = "$(TARGET_NAME)";
				TEST_HOST = "$(BUILT_PRODUCTS_DIR)/Movies.app/Movies";
			};
			name = Debug;
		};
		280A80CF1BD5D741003F4120 /* Release */ = {
			isa = XCBuildConfiguration;
			buildSettings = {
				BUNDLE_LOADER = "$(TEST_HOST)";
				INFOPLIST_FILE = MoviesTests/Info.plist;
				LD_RUNPATH_SEARCH_PATHS = "$(inherited) @executable_path/Frameworks @loader_path/Frameworks";
				PRODUCT_BUNDLE_IDENTIFIER = artem.goryaev.MoviesTests;
				PRODUCT_NAME = "$(TARGET_NAME)";
				TEST_HOST = "$(BUILT_PRODUCTS_DIR)/Movies.app/Movies";
			};
			name = Release;
		};
/* End XCBuildConfiguration section */

/* Begin XCConfigurationList section */
		280A80A01BD5D741003F4120 /* Build configuration list for PBXProject "Movies" */ = {
			isa = XCConfigurationList;
			buildConfigurations = (
				280A80C81BD5D741003F4120 /* Debug */,
				280A80C91BD5D741003F4120 /* Release */,
			);
			defaultConfigurationIsVisible = 0;
			defaultConfigurationName = Release;
		};
		280A80CA1BD5D741003F4120 /* Build configuration list for PBXNativeTarget "Movies" */ = {
			isa = XCConfigurationList;
			buildConfigurations = (
				280A80CB1BD5D741003F4120 /* Debug */,
				280A80CC1BD5D741003F4120 /* Release */,
			);
			defaultConfigurationIsVisible = 0;
			defaultConfigurationName = Release;
		};
		280A80CD1BD5D741003F4120 /* Build configuration list for PBXNativeTarget "MoviesTests" */ = {
			isa = XCConfigurationList;
			buildConfigurations = (
				280A80CE1BD5D741003F4120 /* Debug */,
				280A80CF1BD5D741003F4120 /* Release */,
			);
			defaultConfigurationIsVisible = 0;
			defaultConfigurationName = Release;
		};
/* End XCConfigurationList section */

/* Begin XCVersionGroup section */
		280A810B1BD6C93E003F4120 /* movies.xcdatamodeld */ = {
			isa = XCVersionGroup;
			children = (
				280A810C1BD6C93E003F4120 /* movies.xcdatamodel */,
			);
			currentVersion = 280A810C1BD6C93E003F4120 /* movies.xcdatamodel */;
			path = movies.xcdatamodeld;
			sourceTree = "<group>";
			versionGroupType = wrapper.xcdatamodel;
		};
/* End XCVersionGroup section */
	};
	rootObject = 280A809D1BD5D741003F4120 /* Project object */;
}
